github.com/libdns/libdns v1.1.1 h1:wPrHrXILoSHKWJKGd0EiAVmiJbFShguILTg9leS/P/U=
github.com/libdns/libdns v1.1.1/go.mod h1:4Bj9+5CQiNMVGf87wjX4CY3HQJypUHRuLvlsfsZqLWQ=
github.com/pbergman/provider v0.0.0-20251008121548-921b80d946ca h1:qboG9pCXDVOEnzDCd0zxIdsX0PQjIilm3hWKOQBqZJw=
github.com/pbergman/provider v0.0.0-20251008121548-921b80d946ca/go.mod h1:g1TbkwPsOBLcdsVRBNrm+nUq5LsA9rn77rjUAVEMXw0=
